<?xml version="1.0" encoding="utf-8"?>
<Project ToolsVersion="4.0" xmlns:atg="http://atg.xbox.com" xmlns="http://schemas.microsoft.com/developer/msbuild/2003">
  <ItemGroup>
    <Filter Include="Resource Files">
      <UniqueIdentifier>{8e114980-c1a3-4ada-ad7c-83caadf5daeb}</UniqueIdentifier>
      <Extensions>rc;ico;cur;bmp;dlg;rc2;rct;bin;rgs;gif;jpg;jpeg;jpe</Extensions>
    </Filter>
    <Filter Include="Engine">
      <UniqueIdentifier>{12a6e5d2-28d0-47fe-8648-98f3afe6c2ab}</UniqueIdentifier>
    </Filter>
    <Filter Include="Engine\Director">
      <UniqueIdentifier>{b30220cd-6f8f-4be7-bc90-2aefb511ba9c}</UniqueIdentifier>
    </Filter>
    <Filter Include="Engine\Director\Manager">
      <UniqueIdentifier>{59c85987-0b2c-4d16-b206-b19ae70fb57b}</UniqueIdentifier>
    </Filter>
    <Filter Include="Engine\DesignPattern">
      <UniqueIdentifier>{002bea38-5a56-4869-927c-0de328bb3a47}</UniqueIdentifier>
    </Filter>
    <Filter Include="Engine\DesignPattern\Singleton">
      <UniqueIdentifier>{a95882fa-bc9c-48fe-9924-eb585af1b2ce}</UniqueIdentifier>
    </Filter>
    <Filter Include="Header">
      <UniqueIdentifier>{719403a9-e9e6-457a-bcc7-42df50f74516}</UniqueIdentifier>
    </Filter>
    <Filter Include="Source">
      <UniqueIdentifier>{89847285-302f-4315-a84c-23376608ed0f}</UniqueIdentifier>
    </Filter>
    <Filter Include="App">
      <UniqueIdentifier>{fcc4865f-4f8f-48d7-98f1-f91daa844ffe}</UniqueIdentifier>
    </Filter>
    <Filter Include="Engine\Director\Manager\Debug">
      <UniqueIdentifier>{cfda95bb-6926-484b-8c06-3a5e59e170f6}</UniqueIdentifier>
    </Filter>
    <Filter Include="Engine\Director\DeviceRes">
      <UniqueIdentifier>{23269790-02e1-4fd3-a10e-de39e117a1c2}</UniqueIdentifier>
    </Filter>
    <Filter Include="Engine\Director\Manager\CameraManager">
      <UniqueIdentifier>{5ed84f08-180e-4dc6-908f-ab5b63d04bb7}</UniqueIdentifier>
    </Filter>
    <Filter Include="Engine\Director\Manager\InputManager">
      <UniqueIdentifier>{1564dec8-ed46-481b-85f3-598b121d34ef}</UniqueIdentifier>
    </Filter>
    <Filter Include="Engine\Director\Manager\InputManager\Key">
      <UniqueIdentifier>{3b3e4143-f289-4906-bf37-cddb044cec13}</UniqueIdentifier>
    </Filter>
    <Filter Include="Engine\Director\Manager\InputManager\Mouse">
      <UniqueIdentifier>{1c9ebc79-018e-4a71-97ef-63c2dc4e0456}</UniqueIdentifier>
    </Filter>
    <Filter Include="Engine\Director\DeviceRes\Mesh">
      <UniqueIdentifier>{607c7dca-906c-418a-933b-0e9e735fc82d}</UniqueIdentifier>
    </Filter>
    <Filter Include="Engine\Director\DeviceRes\Mesh\TerrainMesh">
      <UniqueIdentifier>{01320409-5efb-4e53-8ea6-48629ae3d6c2}</UniqueIdentifier>
    </Filter>
    <Filter Include="Engine\Director\DeviceRes\Mesh\StaticMesh">
      <UniqueIdentifier>{35d8bcad-bd61-4e7e-ae51-9eed8341ec43}</UniqueIdentifier>
    </Filter>
    <Filter Include="Engine\Director\DeviceRes\Mesh\TextureMesh">
      <UniqueIdentifier>{af8c62c5-1252-4018-b978-74b5d6165989}</UniqueIdentifier>
    </Filter>
    <Filter Include="Engine\Director\DeviceRes\Texture">
      <UniqueIdentifier>{c3b7ac5f-d18b-4167-bbbb-625ceeee18ef}</UniqueIdentifier>
    </Filter>
    <Filter Include="Engine\Director\Manager\ResourceManager">
      <UniqueIdentifier>{0d9ae6ea-64ad-4d1f-a59f-52712ebb3db7}</UniqueIdentifier>
    </Filter>
    <Filter Include="FileUtils">
      <UniqueIdentifier>{7a55e1eb-ee96-4bf6-a680-f865eb6b5d0c}</UniqueIdentifier>
    </Filter>
    <Filter Include="Engine\Director\Manager\ObjeceManager">
      <UniqueIdentifier>{72aa8e84-55e4-401b-a933-68fb96d829f3}</UniqueIdentifier>
    </Filter>
    <Filter Include="Engine\Device">
      <UniqueIdentifier>{62cba8d7-68cd-4c4b-a488-048990fa4df1}</UniqueIdentifier>
    </Filter>
    <Filter Include="Engine\Light">
      <UniqueIdentifier>{6d20ba98-833c-425f-a142-44aa8c9739ab}</UniqueIdentifier>
    </Filter>
    <Filter Include="Engine\Director\Manager\SceneManager">
      <UniqueIdentifier>{ab08b2e1-f2a2-45df-bbc8-58edd1a8250a}</UniqueIdentifier>
    </Filter>
    <Filter Include="Engine\Director\Manager\SceneManager\Scene">
      <UniqueIdentifier>{bef10f86-f0e5-41ac-9991-7ae9453e041d}</UniqueIdentifier>
    </Filter>
    <Filter Include="Engine\Director\Manager\ShaderManager">
      <UniqueIdentifier>{6a603453-56b7-437f-a32b-99b06bb16f1d}</UniqueIdentifier>
    </Filter>
    <Filter Include="Engine\Director\Shader">
      <UniqueIdentifier>{3b740ca4-dd91-4602-8120-214a01fea62b}</UniqueIdentifier>
    </Filter>
    <Filter Include="Engine\Director\DeviceRes\Mesh\GridMesh">
      <UniqueIdentifier>{a35bea9e-a124-4349-9481-70b99f9d832f}</UniqueIdentifier>
    </Filter>
    <Filter Include="Engine\Director\Manager\CameraManager\Camera">
      <UniqueIdentifier>{df9db895-47e6-4746-a600-44f9f7ae8002}</UniqueIdentifier>
    </Filter>
    <Filter Include="Engine\Director\Manager\ObjeceManager\Entity">
      <UniqueIdentifier>{d15de485-2854-4be0-a4bb-44a2357670ae}</UniqueIdentifier>
    </Filter>
    <Filter Include="Engine\Director\Manager\ObjeceManager\Entity\Tiger">
      <UniqueIdentifier>{4b399eb5-47f6-4199-8c6a-dbaf57f3665d}</UniqueIdentifier>
    </Filter>
    <Filter Include="Engine\Director\Manager\ObjeceManager\Entity\Environment">
      <UniqueIdentifier>{df1bc5e0-ab8c-45ce-adaf-bfc323a77707}</UniqueIdentifier>
    </Filter>
    <Filter Include="Engine\Director\Frustum">
      <UniqueIdentifier>{3bb8fd5f-acbb-4099-8e83-a5c5a7166247}</UniqueIdentifier>
    </Filter>
  </ItemGroup>
  <ItemGroup>
    <None Include="DXUT\Optional\directx.ico">
      <Filter>Resource Files</Filter>
    </None>
    <None Include="ClassDiagram.cd" />
  </ItemGroup>
  <ItemGroup>
    <ClCompile Include="Entity.cpp">
      <Filter>Engine\Director\Manager\ObjeceManager\Entity</Filter>
    </ClCompile>
    <ClCompile Include="main.cpp">
      <Filter>Source</Filter>
    </ClCompile>
    <ClCompile Include="Engine.cpp">
      <Filter>Engine</Filter>
    </ClCompile>
    <ClCompile Include="Device.cpp">
      <Filter>Engine\Device</Filter>
    </ClCompile>
    <ClCompile Include="CameraManager.cpp">
      <Filter>Engine\Director\Manager\CameraManager</Filter>
    </ClCompile>
    <ClCompile Include="App.cpp">
      <Filter>App</Filter>
    </ClCompile>
    <ClCompile Include="Debug.cpp">
      <Filter>Engine\Director\Manager\Debug</Filter>
    </ClCompile>
    <ClCompile Include="KeyManager.cpp">
      <Filter>Engine\Director\Manager\InputManager\Key</Filter>
    </ClCompile>
    <ClCompile Include="Light.cpp">
      <Filter>Engine\Light</Filter>
    </ClCompile>
    <ClCompile Include="Mesh.cpp">
      <Filter>Engine\Director\DeviceRes\Mesh</Filter>
    </ClCompile>
    <ClCompile Include="Mouse.cpp">
      <Filter>Engine\Director\Manager\InputManager\Mouse</Filter>
    </ClCompile>
    <ClCompile Include="ObjectManager.cpp">
      <Filter>Engine\Director\Manager\ObjeceManager</Filter>
    </ClCompile>
    <ClCompile Include="Camera.cpp">
      <Filter>Engine\Director\Manager\CameraManager\Camera</Filter>
    </ClCompile>
    <ClCompile Include="ResourceManager.cpp">
      <Filter>Engine\Director\Manager\ResourceManager</Filter>
    </ClCompile>
    <ClCompile Include="SceneManager.cpp">
      <Filter>Engine\Director\Manager\SceneManager</Filter>
    </ClCompile>
    <ClCompile Include="Scene.cpp">
      <Filter>Engine\Director\Manager\SceneManager\Scene</Filter>
    </ClCompile>
    <ClCompile Include="StaticMesh.cpp">
      <Filter>Engine\Director\DeviceRes\Mesh\StaticMesh</Filter>
    </ClCompile>
    <ClCompile Include="TerrainMesh.cpp">
      <Filter>Engine\Director\DeviceRes\Mesh\TerrainMesh</Filter>
    </ClCompile>
    <ClCompile Include="Texture.cpp">
      <Filter>Engine\Director\DeviceRes\Texture</Filter>
    </ClCompile>
    <ClCompile Include="ThirdCam.cpp">
      <Filter>Engine\Director\Manager\CameraManager\Camera</Filter>
    </ClCompile>
    <ClCompile Include="ShaderManager.cpp">
      <Filter>Engine\Director\Manager\ShaderManager</Filter>
    </ClCompile>
    <ClCompile Include="Shader.cpp">
      <Filter>Engine\Director\Shader</Filter>
    </ClCompile>
    <ClCompile Include="GridMesh.cpp">
      <Filter>Engine\Director\DeviceRes\Mesh\GridMesh</Filter>
    </ClCompile>
    <ClCompile Include="Tiger.cpp">
      <Filter>Engine\Director\Manager\ObjeceManager\Entity\Tiger</Filter>
    </ClCompile>
    <ClCompile Include="Frustum.cpp">
      <Filter>Engine\Director\Frustum</Filter>
    </ClCompile>
  </ItemGroup>
  <ItemGroup>
    <ClInclude Include="Singleton.h">
      <Filter>Engine\DesignPattern\Singleton</Filter>
    </ClInclude>
    <ClInclude Include="Entity.h">
      <Filter>Engine\Director\Manager\ObjeceManager\Entity</Filter>
    </ClInclude>
    <ClInclude Include="define.h">
      <Filter>Header</Filter>
    </ClInclude>
    <ClInclude Include="Engine.h">
      <Filter>Engine</Filter>
    </ClInclude>
    <ClInclude Include="Device.h">
      <Filter>Engine\Device</Filter>
    </ClInclude>
    <ClInclude Include="CameraManager.h">
      <Filter>Engine\Director\Manager\CameraManager</Filter>
    </ClInclude>
    <ClInclude Include="App.h">
      <Filter>App</Filter>
    </ClInclude>
    <ClInclude Include="Debug.h">
      <Filter>Engine\Director\Manager\Debug</Filter>
    </ClInclude>
    <ClInclude Include="KeyManager.h">
      <Filter>Engine\Director\Manager\InputManager\Key</Filter>
    </ClInclude>
    <ClInclude Include="Light.h">
      <Filter>Engine\Light</Filter>
    </ClInclude>
    <ClInclude Include="Mesh.h">
      <Filter>Engine\Director\DeviceRes\Mesh</Filter>
    </ClInclude>
    <ClInclude Include="Mouse.h">
      <Filter>Engine\Director\Manager\InputManager\Mouse</Filter>
    </ClInclude>
    <ClInclude Include="Enum.h">
      <Filter>Header</Filter>
    </ClInclude>
    <ClInclude Include="function.h">
      <Filter>Header</Filter>
    </ClInclude>
    <ClInclude Include="ObjectManager.h">
      <Filter>Engine\Director\Manager\ObjeceManager</Filter>
    </ClInclude>
    <ClInclude Include="Camera.h">
      <Filter>Engine\Director\Manager\CameraManager\Camera</Filter>
    </ClInclude>
    <ClInclude Include="ResourceManager.h">
      <Filter>Engine\Director\Manager\ResourceManager</Filter>
    </ClInclude>
    <ClInclude Include="SceneManager.h">
      <Filter>Engine\Director\Manager\SceneManager</Filter>
    </ClInclude>
    <ClInclude Include="Scene.h">
      <Filter>Engine\Director\Manager\SceneManager\Scene</Filter>
    </ClInclude>
    <ClInclude Include="StaticMesh.h">
      <Filter>Engine\Director\DeviceRes\Mesh\StaticMesh</Filter>
    </ClInclude>
    <ClInclude Include="TerrainMesh.h">
      <Filter>Engine\Director\DeviceRes\Mesh\TerrainMesh</Filter>
    </ClInclude>
    <ClInclude Include="Texture.h">
      <Filter>Engine\Director\DeviceRes\Texture</Filter>
    </ClInclude>
    <ClInclude Include="ThirdCam.h">
      <Filter>Engine\Director\Manager\CameraManager\Camera</Filter>
    </ClInclude>
    <ClInclude Include="struct.h">
      <Filter>Header</Filter>
    </ClInclude>
    <ClInclude Include="ShaderManager.h">
      <Filter>Engine\Director\Manager\ShaderManager</Filter>
    </ClInclude>
    <ClInclude Include="Shader.h">
      <Filter>Engine\Director\Shader</Filter>
    </ClInclude>
    <ClInclude Include="shader.hpp">
      <Filter>Engine\Director\Shader</Filter>
    </ClInclude>
    <ClInclude Include="GridMesh.h">
      <Filter>Engine\Director\DeviceRes\Mesh\GridMesh</Filter>
    </ClInclude>
    <ClInclude Include="Tiger.h">
      <Filter>Engine\Director\Manager\ObjeceManager\Entity\Tiger</Filter>
    </ClInclude>
    <ClInclude Include="Frustum.h">
      <Filter>Engine\Director\Frustum</Filter>
    </ClInclude>
  </ItemGroup>
  <ItemGroup>
    <CLInclude Include="resource.h">
      <Filter>Resource Files</Filter>
    </CLInclude>
    <ResourceCompile Include="Framework.rc">
      <Filter>Resource Files</Filter>
    </ResourceCompile>
  </ItemGroup>
  <ItemGroup>
  </ItemGroup>
</Project>