<?xml version="1.0" encoding="utf-8"?>
<Project ToolsVersion="4.0" xmlns:atg="http://atg.xbox.com" xmlns="http://schemas.microsoft.com/developer/msbuild/2003">
  <ItemGroup>
    <Filter Include="Resource Files">
      <UniqueIdentifier>{8e114980-c1a3-4ada-ad7c-83caadf5daeb}</UniqueIdentifier>
      <Extensions>rc;ico;cur;bmp;dlg;rc2;rct;bin;rgs;gif;jpg;jpeg;jpe</Extensions>
    </Filter>
    <Filter Include="Engine">
      <UniqueIdentifier>{12a6e5d2-28d0-47fe-8648-98f3afe6c2ab}</UniqueIdentifier>
    </Filter>
    <Filter Include="Engine\Director">
      <UniqueIdentifier>{b30220cd-6f8f-4be7-bc90-2aefb511ba9c}</UniqueIdentifier>
    </Filter>
    <Filter Include="Engine\Director\Manager">
      <UniqueIdentifier>{59c85987-0b2c-4d16-b206-b19ae70fb57b}</UniqueIdentifier>
    </Filter>
    <Filter Include="Engine\DesignPattern">
      <UniqueIdentifier>{002bea38-5a56-4869-927c-0de328bb3a47}</UniqueIdentifier>
    </Filter>
    <Filter Include="Engine\Entity">
      <UniqueIdentifier>{d15de485-2854-4be0-a4bb-44a2357670ae}</UniqueIdentifier>
    </Filter>
    <Filter Include="Engine\DesignPattern\Singleton">
      <UniqueIdentifier>{a95882fa-bc9c-48fe-9924-eb585af1b2ce}</UniqueIdentifier>
    </Filter>
    <Filter Include="Header">
      <UniqueIdentifier>{719403a9-e9e6-457a-bcc7-42df50f74516}</UniqueIdentifier>
    </Filter>
    <Filter Include="Source">
      <UniqueIdentifier>{89847285-302f-4315-a84c-23376608ed0f}</UniqueIdentifier>
    </Filter>
    <Filter Include="App">
      <UniqueIdentifier>{fcc4865f-4f8f-48d7-98f1-f91daa844ffe}</UniqueIdentifier>
    </Filter>
    <Filter Include="Engine\Director\Manager\ObjectMgr">
      <UniqueIdentifier>{9fbdd641-4af1-4d58-a83b-55b73fbf27b3}</UniqueIdentifier>
    </Filter>
    <Filter Include="Engine\Director\Manager\ResourceMgr">
      <UniqueIdentifier>{3c2c1b5d-c236-42b1-8d1a-aa293e9193a8}</UniqueIdentifier>
    </Filter>
    <Filter Include="Engine\Camera">
      <UniqueIdentifier>{bc02adc4-aa0b-41e8-897e-f7124994179f}</UniqueIdentifier>
    </Filter>
    <Filter Include="Engine\Director\Manager\CameraMgr">
      <UniqueIdentifier>{650d1a4e-483c-4529-9293-d4338754ac5b}</UniqueIdentifier>
    </Filter>
  </ItemGroup>
  <ItemGroup>
    <None Include="DXUT\Optional\directx.ico">
      <Filter>Resource Files</Filter>
    </None>
  </ItemGroup>
  <ItemGroup>
    <ClCompile Include="Device.cpp">
      <Filter>Engine</Filter>
    </ClCompile>
    <ClCompile Include="Entity.cpp">
      <Filter>Engine\Entity</Filter>
    </ClCompile>
    <ClCompile Include="Engine.cpp">
      <Filter>Engine</Filter>
    </ClCompile>
    <ClCompile Include="main.cpp">
      <Filter>Source</Filter>
    </ClCompile>
    <ClCompile Include="ObjectManager.cpp">
      <Filter>Engine\Director\Manager\ObjectMgr</Filter>
    </ClCompile>
    <ClCompile Include="ResourceManager.cpp">
      <Filter>Engine\Director\Manager\ResourceMgr</Filter>
    </ClCompile>
    <ClCompile Include="App.cpp">
      <Filter>App</Filter>
    </ClCompile>
    <ClCompile Include="Camera.cpp" />
    <ClCompile Include="CameraManager.cpp">
      <Filter>Engine\Director\Manager\CameraMgr</Filter>
    </ClCompile>
  </ItemGroup>
  <ItemGroup>
    <ClInclude Include="Singleton.h">
      <Filter>Engine\DesignPattern\Singleton</Filter>
    </ClInclude>
    <ClInclude Include="Device.h">
      <Filter>Engine</Filter>
    </ClInclude>
    <ClInclude Include="Entity.h">
      <Filter>Engine\Entity</Filter>
    </ClInclude>
    <ClInclude Include="Engine.h">
      <Filter>Engine</Filter>
    </ClInclude>
    <ClInclude Include="define.h">
      <Filter>Header</Filter>
    </ClInclude>
    <ClInclude Include="ObjectManager.h">
      <Filter>Engine\Director\Manager\ObjectMgr</Filter>
    </ClInclude>
    <ClInclude Include="ResourceManager.h">
      <Filter>Engine\Director\Manager\ResourceMgr</Filter>
    </ClInclude>
    <ClInclude Include="Enum.h">
      <Filter>Header</Filter>
    </ClInclude>
    <ClInclude Include="Struct.h">
      <Filter>Header</Filter>
    </ClInclude>
    <ClInclude Include="App.h">
      <Filter>App</Filter>
    </ClInclude>
    <ClInclude Include="Camera.h" />
    <ClInclude Include="CameraManager.h">
      <Filter>Engine\Director\Manager\CameraMgr</Filter>
    </ClInclude>
  </ItemGroup>
  <ItemGroup>
    <CLInclude Include="resource.h">
      <Filter>Resource Files</Filter>
    </CLInclude>
    <ResourceCompile Include="Framework.rc">
      <Filter>Resource Files</Filter>
    </ResourceCompile>
  </ItemGroup>
  <ItemGroup>
  </ItemGroup>
</Project>